// !$*UTF8*$!
{
	archiveVersion = 1;
	classes = {
	};
	objectVersion = 55;
	objects = {

/* Begin PBXBuildFile section */
		735C1695433AFF3DCEF7DD1F /* Pods_filtro_tempo_real.framework in Frameworks */ = {isa = PBXBuildFile; fileRef = DA5797FC29CFCB52A872CE1F /* Pods_filtro_tempo_real.framework */; };
		914FAEBF288F649A0039454F /* AppDelegate.swift in Sources */ = {isa = PBXBuildFile; fileRef = 914FAEBE288F649A0039454F /* AppDelegate.swift */; };
		914FAEC1288F649A0039454F /* SceneDelegate.swift in Sources */ = {isa = PBXBuildFile; fileRef = 914FAEC0288F649A0039454F /* SceneDelegate.swift */; };
		914FAEC3288F649A0039454F /* ViewController.swift in Sources */ = {isa = PBXBuildFile; fileRef = 914FAEC2288F649A0039454F /* ViewController.swift */; };
		914FAEC6288F649A0039454F /* Main.storyboard in Resources */ = {isa = PBXBuildFile; fileRef = 914FAEC4288F649A0039454F /* Main.storyboard */; };
		914FAEC8288F649E0039454F /* Assets.xcassets in Resources */ = {isa = PBXBuildFile; fileRef = 914FAEC7288F649E0039454F /* Assets.xcassets */; };
		914FAECB288F649E0039454F /* LaunchScreen.storyboard in Resources */ = {isa = PBXBuildFile; fileRef = 914FAEC9288F649E0039454F /* LaunchScreen.storyboard */; };
		914FAED8288F67520039454F /* MoviesTableViewCell.swift in Sources */ = {isa = PBXBuildFile; fileRef = 914FAED6288F67520039454F /* MoviesTableViewCell.swift */; };
		914FAED9288F67520039454F /* MoviesTableViewCell.xib in Resources */ = {isa = PBXBuildFile; fileRef = 914FAED7288F67520039454F /* MoviesTableViewCell.xib */; };
		91F3AC2928906332003BA46B /* NetworkService.swift in Sources */ = {isa = PBXBuildFile; fileRef = 91F3AC2828906332003BA46B /* NetworkService.swift */; };
/* End PBXBuildFile section */

/* Begin PBXFileReference section */
		914FAEBB288F649A0039454F /* filtro-tempo-real.app */ = {isa = PBXFileReference; explicitFileType = wrapper.application; includeInIndex = 0; path = "filtro-tempo-real.app"; sourceTree = BUILT_PRODUCTS_DIR; };
		914FAEBE288F649A0039454F /* AppDelegate.swift */ = {isa = PBXFileReference; lastKnownFileType = sourcecode.swift; path = AppDelegate.swift; sourceTree = "<group>"; };
		914FAEC0288F649A0039454F /* SceneDelegate.swift */ = {isa = PBXFileReference; lastKnownFileType = sourcecode.swift; path = SceneDelegate.swift; sourceTree = "<group>"; };
		914FAEC2288F649A0039454F /* ViewController.swift */ = {isa = PBXFileReference; lastKnownFileType = sourcecode.swift; path = ViewController.swift; sourceTree = "<group>"; };
		914FAEC5288F649A0039454F /* Base */ = {isa = PBXFileReference; lastKnownFileType = file.storyboard; name = Base; path = Base.lproj/Main.storyboard; sourceTree = "<group>"; };
		914FAEC7288F649E0039454F /* Assets.xcassets */ = {isa = PBXFileReference; lastKnownFileType = folder.assetcatalog; path = Assets.xcassets; sourceTree = "<group>"; };
		914FAECA288F649E0039454F /* Base */ = {isa = PBXFileReference; lastKnownFileType = file.storyboard; name = Base; path = Base.lproj/LaunchScreen.storyboard; sourceTree = "<group>"; };
		914FAECC288F649E0039454F /* Info.plist */ = {isa = PBXFileReference; lastKnownFileType = text.plist.xml; path = Info.plist; sourceTree = "<group>"; };
		914FAED6288F67520039454F /* MoviesTableViewCell.swift */ = {isa = PBXFileReference; lastKnownFileType = sourcecode.swift; path = MoviesTableViewCell.swift; sourceTree = "<group>"; };
		914FAED7288F67520039454F /* MoviesTableViewCell.xib */ = {isa = PBXFileReference; lastKnownFileType = file.xib; path = MoviesTableViewCell.xib; sourceTree = "<group>"; };
		91F3AC2828906332003BA46B /* NetworkService.swift */ = {isa = PBXFileReference; lastKnownFileType = sourcecode.swift; path = NetworkService.swift; sourceTree = "<group>"; };
		C2C23DDAB3563C2FDDA49379 /* Pods-filtro-tempo-real.release.xcconfig */ = {isa = PBXFileReference; includeInIndex = 1; lastKnownFileType = text.xcconfig; name = "Pods-filtro-tempo-real.release.xcconfig"; path = "Target Support Files/Pods-filtro-tempo-real/Pods-filtro-tempo-real.release.xcconfig"; sourceTree = "<group>"; };
		DA5797FC29CFCB52A872CE1F /* Pods_filtro_tempo_real.framework */ = {isa = PBXFileReference; explicitFileType = wrapper.framework; includeInIndex = 0; path = Pods_filtro_tempo_real.framework; sourceTree = BUILT_PRODUCTS_DIR; };
		F26ED4A83495ABB6AFC848DB /* Pods-filtro-tempo-real.debug.xcconfig */ = {isa = PBXFileReference; includeInIndex = 1; lastKnownFileType = text.xcconfig; name = "Pods-filtro-tempo-real.debug.xcconfig"; path = "Target Support Files/Pods-filtro-tempo-real/Pods-filtro-tempo-real.debug.xcconfig"; sourceTree = "<group>"; };
/* End PBXFileReference section */

/* Begin PBXFrameworksBuildPhase section */
		914FAEB8288F649A0039454F /* Frameworks */ = {
			isa = PBXFrameworksBuildPhase;
			buildActionMask = 2147483647;
			files = (
				735C1695433AFF3DCEF7DD1F /* Pods_filtro_tempo_real.framework in Frameworks */,
			);
			runOnlyForDeploymentPostprocessing = 0;
		};
/* End PBXFrameworksBuildPhase section */

/* Begin PBXGroup section */
		01A4212730D51023BAE81C90 /* Frameworks */ = {
			isa = PBXGroup;
			children = (
				DA5797FC29CFCB52A872CE1F /* Pods_filtro_tempo_real.framework */,
			);
			name = Frameworks;
			sourceTree = "<group>";
		};
		4FE402DA3F3613750189DB56 /* Pods */ = {
			isa = PBXGroup;
			children = (
				F26ED4A83495ABB6AFC848DB /* Pods-filtro-tempo-real.debug.xcconfig */,
				C2C23DDAB3563C2FDDA49379 /* Pods-filtro-tempo-real.release.xcconfig */,
			);
			path = Pods;
			sourceTree = "<group>";
		};
		914FAEB2288F649A0039454F = {
			isa = PBXGroup;
			children = (
				914FAEBD288F649A0039454F /* filtro-tempo-real */,
				914FAEBC288F649A0039454F /* Products */,
				4FE402DA3F3613750189DB56 /* Pods */,
				01A4212730D51023BAE81C90 /* Frameworks */,
			);
			sourceTree = "<group>";
		};
		914FAEBC288F649A0039454F /* Products */ = {
			isa = PBXGroup;
			children = (
				914FAEBB288F649A0039454F /* filtro-tempo-real.app */,
			);
			name = Products;
			sourceTree = "<group>";
		};
		914FAEBD288F649A0039454F /* filtro-tempo-real */ = {
			isa = PBXGroup;
			children = (
				914FAED5288F67330039454F /* MovieCells */,
				914FAEBE288F649A0039454F /* AppDelegate.swift */,
				914FAEC0288F649A0039454F /* SceneDelegate.swift */,
				914FAEC2288F649A0039454F /* ViewController.swift */,
				914FAEC4288F649A0039454F /* Main.storyboard */,
				914FAEC7288F649E0039454F /* Assets.xcassets */,
				914FAEC9288F649E0039454F /* LaunchScreen.storyboard */,
				914FAECC288F649E0039454F /* Info.plist */,
				91F3AC2828906332003BA46B /* NetworkService.swift */,
			);
			path = "filtro-tempo-real";
			sourceTree = "<group>";
		};
		914FAED5288F67330039454F /* MovieCells */ = {
			isa = PBXGroup;
			children = (
				914FAED6288F67520039454F /* MoviesTableViewCell.swift */,
				914FAED7288F67520039454F /* MoviesTableViewCell.xib */,
			);
			path = MovieCells;
			sourceTree = "<group>";
		};
/* End PBXGroup section */

/* Begin PBXNativeTarget section */
		914FAEBA288F649A0039454F /* filtro-tempo-real */ = {
			isa = PBXNativeTarget;
			buildConfigurationList = 914FAECF288F649E0039454F /* Build configuration list for PBXNativeTarget "filtro-tempo-real" */;
			buildPhases = (
				9CE523114E645393F6429921 /* [CP] Check Pods Manifest.lock */,
				914FAEB7288F649A0039454F /* Sources */,
				914FAEB8288F649A0039454F /* Frameworks */,
				914FAEB9288F649A0039454F /* Resources */,
				9F4D3BBB8175A8EE85140CEE /* [CP] Embed Pods Frameworks */,
			);
			buildRules = (
			);
			dependencies = (
			);
			name = "filtro-tempo-real";
			productName = "filtro-tempo-real";
			productReference = 914FAEBB288F649A0039454F /* filtro-tempo-real.app */;
			productType = "com.apple.product-type.application";
		};
/* End PBXNativeTarget section */

/* Begin PBXProject section */
		914FAEB3288F649A0039454F /* Project object */ = {
			isa = PBXProject;
			attributes = {
				BuildIndependentTargetsInParallel = 1;
				LastSwiftUpdateCheck = 1340;
				LastUpgradeCheck = 1340;
				TargetAttributes = {
					914FAEBA288F649A0039454F = {
						CreatedOnToolsVersion = 13.4.1;
					};
				};
			};
			buildConfigurationList = 914FAEB6288F649A0039454F /* Build configuration list for PBXProject "filtro-tempo-real" */;
			compatibilityVersion = "Xcode 13.0";
			developmentRegion = en;
			hasScannedForEncodings = 0;
			knownRegions = (
				en,
				Base,
			);
			mainGroup = 914FAEB2288F649A0039454F;
			productRefGroup = 914FAEBC288F649A0039454F /* Products */;
			projectDirPath = "";
			projectRoot = "";
			targets = (
				914FAEBA288F649A0039454F /* filtro-tempo-real */,
			);
		};
/* End PBXProject section */

/* Begin PBXResourcesBuildPhase section */
		914FAEB9288F649A0039454F /* Resources */ = {
			isa = PBXResourcesBuildPhase;
			buildActionMask = 2147483647;
			files = (
				914FAECB288F649E0039454F /* LaunchScreen.storyboard in Resources */,
				914FAEC8288F649E0039454F /* Assets.xcassets in Resources */,
				914FAED9288F67520039454F /* MoviesTableViewCell.xib in Resources */,
				914FAEC6288F649A0039454F /* Main.storyboard in Resources */,
			);
			runOnlyForDeploymentPostprocessing = 0;
		};
/* End PBXResourcesBuildPhase section */

/* Begin PBXShellScriptBuildPhase section */
		9CE523114E645393F6429921 /* [CP] Check Pods Manifest.lock */ = {
			isa = PBXShellScriptBuildPhase;
			buildActionMask = 2147483647;
			files = (
			);
			inputFileListPaths = (
			);
			inputPaths = (
				"${PODS_PODFILE_DIR_PATH}/Podfile.lock",
				"${PODS_ROOT}/Manifest.lock",
			);
			name = "[CP] Check Pods Manifest.lock";
			outputFileListPaths = (
			);
			outputPaths = (
				"$(DERIVED_FILE_DIR)/Pods-filtro-tempo-real-checkManifestLockResult.txt",
			);
			runOnlyForDeploymentPostprocessing = 0;
			shellPath = /bin/sh;
			shellScript = "diff \"${PODS_PODFILE_DIR_PATH}/Podfile.lock\" \"${PODS_ROOT}/Manifest.lock\" > /dev/null\nif [ $? != 0 ] ; then\n    # print error to STDERR\n    echo \"error: The sandbox is not in sync with the Podfile.lock. Run 'pod install' or update your CocoaPods installation.\" >&2\n    exit 1\nfi\n# This output is used by Xcode 'outputs' to avoid re-running this script phase.\necho \"SUCCESS\" > \"${SCRIPT_OUTPUT_FILE_0}\"\n";
			showEnvVarsInLog = 0;
		};
		9F4D3BBB8175A8EE85140CEE /* [CP] Embed Pods Frameworks */ = {
			isa = PBXShellScriptBuildPhase;
			buildActionMask = 2147483647;
			files = (
			);
			inputFileListPaths = (
				"${PODS_ROOT}/Target Support Files/Pods-filtro-tempo-real/Pods-filtro-tempo-real-frameworks-${CONFIGURATION}-input-files.xcfilelist",
			);
			name = "[CP] Embed Pods Frameworks";
			outputFileListPaths = (
				"${PODS_ROOT}/Target Support Files/Pods-filtro-tempo-real/Pods-filtro-tempo-real-frameworks-${CONFIGURATION}-output-files.xcfilelist",
			);
			runOnlyForDeploymentPostprocessing = 0;
			shellPath = /bin/sh;
			shellScript = "\"${PODS_ROOT}/Target Support Files/Pods-filtro-tempo-real/Pods-filtro-tempo-real-frameworks.sh\"\n";
			showEnvVarsInLog = 0;
		};
/* End PBXShellScriptBuildPhase section */

/* Begin PBXSourcesBuildPhase section */
		914FAEB7288F649A0039454F /* Sources */ = {
			isa = PBXSourcesBuildPhase;
			buildActionMask = 2147483647;
			files = (
				91F3AC2928906332003BA46B /* NetworkService.swift in Sources */,
				914FAEC3288F649A0039454F /* ViewController.swift in Sources */,
				914FAEBF288F649A0039454F /* AppDelegate.swift in Sources */,
				914FAED8288F67520039454F /* MoviesTableViewCell.swift in Sources */,
				914FAEC1288F649A0039454F /* SceneDelegate.swift in Sources */,
			);
			runOnlyForDeploymentPostprocessing = 0;
		};
/* End PBXSourcesBuildPhase section */

/* Begin PBXVariantGroup section */
		914FAEC4288F649A0039454F /* Main.storyboard */ = {
			isa = PBXVariantGroup;
			children = (
				914FAEC5288F649A0039454F /* Base */,
			);
			name = Main.storyboard;
			sourceTree = "<group>";
		};
		914FAEC9288F649E0039454F /* LaunchScreen.storyboard */ = {
			isa = PBXVariantGroup;
			children = (
				914FAECA288F649E0039454F /* Base */,
			);
			name = LaunchScreen.storyboard;
			sourceTree = "<group>";
		};
/* End PBXVariantGroup section */

/* Begin XCBuildConfiguration section */
		914FAECD288F649E0039454F /* Debug */ = {
			isa = XCBuildConfiguration;
			buildSettings = {
				ALWAYS_SEARCH_USER_PATHS = NO;
				CLANG_ANALYZER_NONNULL = YES;
				CLANG_ANALYZER_NUMBER_OBJECT_CONVERSION = YES_AGGRESSIVE;
				CLANG_CXX_LANGUAGE_STANDARD = "gnu++17";
				CLANG_ENABLE_MODULES = YES;
				CLANG_ENABLE_OBJC_ARC = YES;
				CLANG_ENABLE_OBJC_WEAK = YES;
				CLANG_WARN_BLOCK_CAPTURE_AUTORELEASING = YES;
				CLANG_WARN_BOOL_CONVERSION = YES;
				CLANG_WARN_COMMA = YES;
				CLANG_WARN_CONSTANT_CONVERSION = YES;
				CLANG_WARN_DEPRECATED_OBJC_IMPLEMENTATIONS = YES;
				CLANG_WARN_DIRECT_OBJC_ISA_USAGE = YES_ERROR;
				CLANG_WARN_DOCUMENTATION_COMMENTS = YES;
				CLANG_WARN_EMPTY_BODY = YES;
				CLANG_WARN_ENUM_CONVERSION = YES;
				CLANG_WARN_INFINITE_RECURSION = YES;
				CLANG_WARN_INT_CONVERSION = YES;
				CLANG_WARN_NON_LITERAL_NULL_CONVERSION = YES;
				CLANG_WARN_OBJC_IMPLICIT_RETAIN_SELF = YES;
				CLANG_WARN_OBJC_LITERAL_CONVERSION = YES;
				CLANG_WARN_OBJC_ROOT_CLASS = YES_ERROR;
				CLANG_WARN_QUOTED_INCLUDE_IN_FRAMEWORK_HEADER = YES;
				CLANG_WARN_RANGE_LOOP_ANALYSIS = YES;
				CLANG_WARN_STRICT_PROTOTYPES = YES;
				CLANG_WARN_SUSPICIOUS_MOVE = YES;
				CLANG_WARN_UNGUARDED_AVAILABILITY = YES_AGGRESSIVE;
				CLANG_WARN_UNREACHABLE_CODE = YES;
				CLANG_WARN__DUPLICATE_METHOD_MATCH = YES;
				COPY_PHASE_STRIP = NO;
				DEBUG_INFORMATION_FORMAT = dwarf;
				ENABLE_STRICT_OBJC_MSGSEND = YES;
				ENABLE_TESTABILITY = YES;
				GCC_C_LANGUAGE_STANDARD = gnu11;
				GCC_DYNAMIC_NO_PIC = NO;
				GCC_NO_COMMON_BLOCKS = YES;
				GCC_OPTIMIZATION_LEVEL = 0;
				GCC_PREPROCESSOR_DEFINITIONS = (
					"DEBUG=1",
					"$(inherited)",
				);
				GCC_WARN_64_TO_32_BIT_CONVERSION = YES;
				GCC_WARN_ABOUT_RETURN_TYPE = YES_ERROR;
				GCC_WARN_UNDECLARED_SELECTOR = YES;
				GCC_WARN_UNINITIALIZED_AUTOS = YES_AGGRESSIVE;
				GCC_WARN_UNUSED_FUNCTION = YES;
				GCC_WARN_UNUSED_VARIABLE = YES;
				IPHONEOS_DEPLOYMENT_TARGET = 15.5;
				MTL_ENABLE_DEBUG_INFO = INCLUDE_SOURCE;
				MTL_FAST_MATH = YES;
				ONLY_ACTIVE_ARCH = YES;
				SDKROOT = iphoneos;
				SWIFT_ACTIVE_COMPILATION_CONDITIONS = DEBUG;
				SWIFT_OPTIMIZATION_LEVEL = "-Onone";
			};
			name = Debug;
		};
		914FAECE288F649E0039454F /* Release */ = {
			isa = XCBuildConfiguration;
			buildSettings = {
				ALWAYS_SEARCH_USER_PATHS = NO;
				CLANG_ANALYZER_NONNULL = YES;
				CLANG_ANALYZER_NUMBER_OBJECT_CONVERSION = YES_AGGRESSIVE;
				CLANG_CXX_LANGUAGE_STANDARD = "gnu++17";
				CLANG_ENABLE_MODULES = YES;
				CLANG_ENABLE_OBJC_ARC = YES;
				CLANG_ENABLE_OBJC_WEAK = YES;
				CLANG_WARN_BLOCK_CAPTURE_AUTORELEASING = YES;
				CLANG_WARN_BOOL_CONVERSION = YES;
				CLANG_WARN_COMMA = YES;
				CLANG_WARN_CONSTANT_CONVERSION = YES;
				CLANG_WARN_DEPRECATED_OBJC_IMPLEMENTATIONS = YES;
				CLANG_WARN_DIRECT_OBJC_ISA_USAGE = YES_ERROR;
				CLANG_WARN_DOCUMENTATION_COMMENTS = YES;
				CLANG_WARN_EMPTY_BODY = YES;
				CLANG_WARN_ENUM_CONVERSION = YES;
				CLANG_WARN_INFINITE_RECURSION = YES;
				CLANG_WARN_INT_CONVERSION = YES;
				CLANG_WARN_NON_LITERAL_NULL_CONVERSION = YES;
				CLANG_WARN_OBJC_IMPLICIT_RETAIN_SELF = YES;
				CLANG_WARN_OBJC_LITERAL_CONVERSION = YES;
				CLANG_WARN_OBJC_ROOT_CLASS = YES_ERROR;
				CLANG_WARN_QUOTED_INCLUDE_IN_FRAMEWORK_HEADER = YES;
				CLANG_WARN_RANGE_LOOP_ANALYSIS = YES;
				CLANG_WARN_STRICT_PROTOTYPES = YES;
				CLANG_WARN_SUSPICIOUS_MOVE = YES;
				CLANG_WARN_UNGUARDED_AVAILABILITY = YES_AGGRESSIVE;
				CLANG_WARN_UNREACHABLE_CODE = YES;
				CLANG_WARN__DUPLICATE_METHOD_MATCH = YES;
				COPY_PHASE_STRIP = NO;
				DEBUG_INFORMATION_FORMAT = "dwarf-with-dsym";
				ENABLE_NS_ASSERTIONS = NO;
				ENABLE_STRICT_OBJC_MSGSEND = YES;
				GCC_C_LANGUAGE_STANDARD = gnu11;
				GCC_NO_COMMON_BLOCKS = YES;
				GCC_WARN_64_TO_32_BIT_CONVERSION = YES;
				GCC_WARN_ABOUT_RETURN_TYPE = YES_ERROR;
				GCC_WARN_UNDECLARED_SELECTOR = YES;
				GCC_WARN_UNINITIALIZED_AUTOS = YES_AGGRESSIVE;
				GCC_WARN_UNUSED_FUNCTION = YES;
				GCC_WARN_UNUSED_VARIABLE = YES;
				IPHONEOS_DEPLOYMENT_TARGET = 15.5;
				MTL_ENABLE_DEBUG_INFO = NO;
				MTL_FAST_MATH = YES;
				SDKROOT = iphoneos;
				SWIFT_COMPILATION_MODE = wholemodule;
				SWIFT_OPTIMIZATION_LEVEL = "-O";
				VALIDATE_PRODUCT = YES;
			};
			name = Release;
		};
		914FAED0288F649E0039454F /* Debug */ = {
			isa = XCBuildConfiguration;
			baseConfigurationReference = F26ED4A83495ABB6AFC848DB /* Pods-filtro-tempo-real.debug.xcconfig */;
			buildSettings = {
				ASSETCATALOG_COMPILER_APPICON_NAME = AppIcon;
				ASSETCATALOG_COMPILER_GLOBAL_ACCENT_COLOR_NAME = AccentColor;
				CODE_SIGN_STYLE = Automatic;
				CURRENT_PROJECT_VERSION = 1;
				GENERATE_INFOPLIST_FILE = YES;
				INFOPLIST_FILE = "filtro-tempo-real/Info.plist";
				INFOPLIST_KEY_UIApplicationSupportsIndirectInputEvents = YES;
				INFOPLIST_KEY_UILaunchStoryboardName = LaunchScreen;
				INFOPLIST_KEY_UIMainStoryboardFile = Main;
				INFOPLIST_KEY_UISupportedInterfaceOrientations_iPad = "UIInterfaceOrientationPortrait UIInterfaceOrientationPortraitUpsideDown UIInterfaceOrientationLandscapeLeft UIInterfaceOrientationLandscapeRight";
				INFOPLIST_KEY_UISupportedInterfaceOrientations_iPhone = "UIInterfaceOrientationPortrait UIInterfaceOrientationLandscapeLeft UIInterfaceOrientationLandscapeRight";
				LD_RUNPATH_SEARCH_PATHS = (
					"$(inherited)",
					"@executable_path/Frameworks",
				);
				MARKETING_VERSION = 1.0;
				PRODUCT_BUNDLE_IDENTIFIER = "com.robson.filtro-tempo-real";
				PRODUCT_NAME = "$(TARGET_NAME)";
				SWIFT_EMIT_LOC_STRINGS = YES;
				SWIFT_VERSION = 5.0;
				TARGETED_DEVICE_FAMILY = "1,2";
			};
			name = Debug;
		};
		914FAED1288F649E0039454F /* Release */ = {
			isa = XCBuildConfiguration;
			baseConfigurationReference = C2C23DDAB3563C2FDDA49379 /* Pods-filtro-tempo-real.release.xcconfig */;
			buildSettings = {
				ASSETCATALOG_COMPILER_APPICON_NAME = AppIcon;
				ASSETCATALOG_COMPILER_GLOBAL_ACCENT_COLOR_NAME = AccentColor;
				CODE_SIGN_STYLE = Automatic;
				CURRENT_PROJECT_VERSION = 1;
				GENERATE_INFOPLIST_FILE = YES;
				INFOPLIST_FILE = "filtro-tempo-real/Info.plist";
				INFOPLIST_KEY_UIApplicationSupportsIndirectInputEvents = YES;
				INFOPLIST_KEY_UILaunchStoryboardName = LaunchScreen;
				INFOPLIST_KEY_UIMainStoryboardFile = Main;
				INFOPLIST_KEY_UISupportedInterfaceOrientations_iPad = "UIInterfaceOrientationPortrait UIInterfaceOrientationPortraitUpsideDown UIInterfaceOrientationLandscapeLeft UIInterfaceOrientationLandscapeRight";
				INFOPLIST_KEY_UISupportedInterfaceOrientations_iPhone = "UIInterfaceOrientationPortrait UIInterfaceOrientationLandscapeLeft UIInterfaceOrientationLandscapeRight";
				LD_RUNPATH_SEARCH_PATHS = (
					"$(inherited)",
					"@executable_path/Frameworks",
				);
				MARKETING_VERSION = 1.0;
				PRODUCT_BUNDLE_IDENTIFIER = "com.robson.filtro-tempo-real";
				PRODUCT_NAME = "$(TARGET_NAME)";
				SWIFT_EMIT_LOC_STRINGS = YES;
				SWIFT_VERSION = 5.0;
				TARGETED_DEVICE_FAMILY = "1,2";
			};
			name = Release;
		};
/* End XCBuildConfiguration section */

/* Begin XCConfigurationList section */
		914FAEB6288F649A0039454F /* Build configuration list for PBXProject "filtro-tempo-real" */ = {
			isa = XCConfigurationList;
			buildConfigurations = (
				914FAECD288F649E0039454F /* Debug */,
				914FAECE288F649E0039454F /* Release */,
			);
			defaultConfigurationIsVisible = 0;
			defaultConfigurationName = Release;
		};
		914FAECF288F649E0039454F /* Build configuration list for PBXNativeTarget "filtro-tempo-real" */ = {
			isa = XCConfigurationList;
			buildConfigurations = (
				914FAED0288F649E0039454F /* Debug */,
				914FAED1288F649E0039454F /* Release */,
			);
			defaultConfigurationIsVisible = 0;
			defaultConfigurationName = Release;
		};
/* End XCConfigurationList section */
	};
	rootObject = 914FAEB3288F649A0039454F /* Project object */;
}
